
Microsoft Visual Studio Solution File, Format Version 12.00
# Visual Studio Version 16
VisualStudioVersion = 16.0.30225.117
MinimumVisualStudioVersion = 10.0.40219.1
Project("{9A19103F-16F7-4668-BE54-9A1E7A4F7556}") = "ServiceManagement", "ServiceManagement.csproj", "{67B1DE15-6548-4ED1-9A73-A2D46A86BD7F}"
EndProject
Project("{FAE04EC0-301F-11D3-BF4B-00C04F79EFBC}") = "DataAccessLayer", "..\DataAccessLayer\DataAccessLayer.csproj", "{4916B5E0-A44C-41DA-8840-D4EE292B5065}"
EndProject
Global
	GlobalSection(SolutionConfigurationPlatforms) = preSolution
		Debug|Any CPU = Debug|Any CPU
		Release|Any CPU = Release|Any CPU
	EndGlobalSection
	GlobalSection(ProjectConfigurationPlatforms) = postSolution
		{67B1DE15-6548-4ED1-9A73-A2D46A86BD7F}.Debug|Any CPU.ActiveCfg = Debug|Any CPU
		{67B1DE15-6548-4ED1-9A73-A2D46A86BD7F}.Debug|Any CPU.Build.0 = Debug|Any CPU
		{67B1DE15-6548-4ED1-9A73-A2D46A86BD7F}.Release|Any CPU.ActiveCfg = Release|Any CPU
		{67B1DE15-6548-4ED1-9A73-A2D46A86BD7F}.Release|Any CPU.Build.0 = Release|Any CPU
		{4916B5E0-A44C-41DA-8840-D4EE292B5065}.Debug|Any CPU.ActiveCfg = Debug|Any CPU
		{4916B5E0-A44C-41DA-8840-D4EE292B5065}.Debug|Any CPU.Build.0 = Debug|Any CPU
		{4916B5E0-A44C-41DA-8840-D4EE292B5065}.Release|Any CPU.ActiveCfg = Release|Any CPU
		{4916B5E0-A44C-41DA-8840-D4EE292B5065}.Release|Any CPU.Build.0 = Release|Any CPU
	EndGlobalSection
	GlobalSection(SolutionProperties) = preSolution
		HideSolutionNode = FALSE
	EndGlobalSection
	GlobalSection(ExtensibilityGlobals) = postSolution
		SolutionGuid = {8152B03C-2675-451F-B5A2-B1E0EB7F3BF4}
	EndGlobalSection
EndGlobal
